
Microsoft Visual Studio Solution File, Format Version 12.00
# Visual Studio Version 16
VisualStudioVersion = 16.0.29926.136
MinimumVisualStudioVersion = 10.0.40219.1
Project("{FAE04EC0-301F-11D3-BF4B-00C04F79EFBC}") = "Bullet", "Bullet\Bullet.csproj", "{9D908158-DD6A-43A9-877D-21D177D32FFF}"
EndProject
Global
	GlobalSection(SolutionConfigurationPlatforms) = preSolution
		Debug|Any CPU = Debug|Any CPU
		Release|Any CPU = Release|Any CPU
	EndGlobalSection
	GlobalSection(ProjectConfigurationPlatforms) = postSolution
		{9D908158-DD6A-43A9-877D-21D177D32FFF}.Debug|Any CPU.ActiveCfg = Debug|Any CPU
		{9D908158-DD6A-43A9-877D-21D177D32FFF}.Debug|Any CPU.Build.0 = Debug|Any CPU
		{9D908158-DD6A-43A9-877D-21D177D32FFF}.Release|Any CPU.ActiveCfg = Release|Any CPU
		{9D908158-DD6A-43A9-877D-21D177D32FFF}.Release|Any CPU.Build.0 = Release|Any CPU
	EndGlobalSection
	GlobalSection(SolutionProperties) = preSolution
		HideSolutionNode = FALSE
	EndGlobalSection
	GlobalSection(ExtensibilityGlobals) = postSolution
		SolutionGuid = {DD74AA3F-A338-4AC0-B456-4FEDE10549D2}
	EndGlobalSection
EndGlobal
