
Microsoft Visual Studio Solution File, Format Version 12.00
# Visual Studio Version 16
VisualStudioVersion = 16.0.30011.22
MinimumVisualStudioVersion = 10.0.40219.1
Project("{FAE04EC0-301F-11D3-BF4B-00C04F79EFBC}") = "spaceInvaders", "spaceInvaders\spaceInvaders.csproj", "{0D30DE3B-03CA-4170-B0FB-F1BA113AD649}"
EndProject
Global
	GlobalSection(SolutionConfigurationPlatforms) = preSolution
		Debug|Any CPU = Debug|Any CPU
		Release|Any CPU = Release|Any CPU
	EndGlobalSection
	GlobalSection(ProjectConfigurationPlatforms) = postSolution
		{0D30DE3B-03CA-4170-B0FB-F1BA113AD649}.Debug|Any CPU.ActiveCfg = Debug|Any CPU
		{0D30DE3B-03CA-4170-B0FB-F1BA113AD649}.Debug|Any CPU.Build.0 = Debug|Any CPU
		{0D30DE3B-03CA-4170-B0FB-F1BA113AD649}.Release|Any CPU.ActiveCfg = Release|Any CPU
		{0D30DE3B-03CA-4170-B0FB-F1BA113AD649}.Release|Any CPU.Build.0 = Release|Any CPU
	EndGlobalSection
	GlobalSection(SolutionProperties) = preSolution
		HideSolutionNode = FALSE
	EndGlobalSection
	GlobalSection(ExtensibilityGlobals) = postSolution
		SolutionGuid = {358010D2-952D-457B-B2FA-70CCBA875EB9}
	EndGlobalSection
EndGlobal
